
Microsoft Visual Studio Solution File, Format Version 12.00
Project("{FAE04EC0-301F-11D3-BF4B-00C04F79EFBC}") = "SingletonDesignPattern", "SingletonDesignPattern\SingletonDesignPattern.csproj", "{EDBF940E-C361-4A51-9413-4A0C9545DF25}"
EndProject
Project("{FAE04EC0-301F-11D3-BF4B-00C04F79EFBC}") = "MultiThreadSingletonDesignPattern", "MultiThreadSingletonDesignPattern\MultiThreadSingletonDesignPattern.csproj", "{AA893BDE-6041-4413-9BCD-FFCF48F778C2}"
EndProject
Project("{FAE04EC0-301F-11D3-BF4B-00C04F79EFBC}") = "FactoryPattern", "FactoryPattern\FactoryPattern.csproj", "{A42352AA-82A3-44CD-932D-96B659209F86}"
EndProject
Project("{FAE04EC0-301F-11D3-BF4B-00C04F79EFBC}") = "BuilderPattern", "BuilderPattern\BuilderPattern.csproj", "{F2F15BD3-31E4-4FC1-ABE7-242395BABEE1}"
EndProject
Project("{FAE04EC0-301F-11D3-BF4B-00C04F79EFBC}") = "AdapterPattern", "AdapterPattern\AdapterPattern.csproj", "{AB528430-A0E1-4C06-9D1F-37EE71F9DC7D}"
EndProject
Global
	GlobalSection(SolutionConfigurationPlatforms) = preSolution
		Debug|Any CPU = Debug|Any CPU
		Release|Any CPU = Release|Any CPU
	EndGlobalSection
	GlobalSection(ProjectConfigurationPlatforms) = postSolution
		{EDBF940E-C361-4A51-9413-4A0C9545DF25}.Debug|Any CPU.ActiveCfg = Debug|Any CPU
		{EDBF940E-C361-4A51-9413-4A0C9545DF25}.Debug|Any CPU.Build.0 = Debug|Any CPU
		{EDBF940E-C361-4A51-9413-4A0C9545DF25}.Release|Any CPU.ActiveCfg = Release|Any CPU
		{EDBF940E-C361-4A51-9413-4A0C9545DF25}.Release|Any CPU.Build.0 = Release|Any CPU
		{AA893BDE-6041-4413-9BCD-FFCF48F778C2}.Debug|Any CPU.ActiveCfg = Debug|Any CPU
		{AA893BDE-6041-4413-9BCD-FFCF48F778C2}.Debug|Any CPU.Build.0 = Debug|Any CPU
		{AA893BDE-6041-4413-9BCD-FFCF48F778C2}.Release|Any CPU.ActiveCfg = Release|Any CPU
		{AA893BDE-6041-4413-9BCD-FFCF48F778C2}.Release|Any CPU.Build.0 = Release|Any CPU
		{A42352AA-82A3-44CD-932D-96B659209F86}.Debug|Any CPU.ActiveCfg = Debug|Any CPU
		{A42352AA-82A3-44CD-932D-96B659209F86}.Debug|Any CPU.Build.0 = Debug|Any CPU
		{A42352AA-82A3-44CD-932D-96B659209F86}.Release|Any CPU.ActiveCfg = Release|Any CPU
		{A42352AA-82A3-44CD-932D-96B659209F86}.Release|Any CPU.Build.0 = Release|Any CPU
		{F2F15BD3-31E4-4FC1-ABE7-242395BABEE1}.Debug|Any CPU.ActiveCfg = Debug|Any CPU
		{F2F15BD3-31E4-4FC1-ABE7-242395BABEE1}.Debug|Any CPU.Build.0 = Debug|Any CPU
		{F2F15BD3-31E4-4FC1-ABE7-242395BABEE1}.Release|Any CPU.ActiveCfg = Release|Any CPU
		{F2F15BD3-31E4-4FC1-ABE7-242395BABEE1}.Release|Any CPU.Build.0 = Release|Any CPU
		{AB528430-A0E1-4C06-9D1F-37EE71F9DC7D}.Debug|Any CPU.ActiveCfg = Debug|Any CPU
		{AB528430-A0E1-4C06-9D1F-37EE71F9DC7D}.Debug|Any CPU.Build.0 = Debug|Any CPU
		{AB528430-A0E1-4C06-9D1F-37EE71F9DC7D}.Release|Any CPU.ActiveCfg = Release|Any CPU
		{AB528430-A0E1-4C06-9D1F-37EE71F9DC7D}.Release|Any CPU.Build.0 = Release|Any CPU
	EndGlobalSection
EndGlobal
